
Microsoft Visual Studio Solution File, Format Version 12.00
Project("{FAE04EC0-301F-11D3-BF4B-00C04F79EFBC}") = "Alerts.WPF", "Alerts.WPF.csproj", "{47AC8C2F-C5D1-46CA-9852-7C2FA59B60EA}"
EndProject
Global
	GlobalSection(SolutionConfigurationPlatforms) = preSolution
		Debug|Any CPU = Debug|Any CPU
		Release|Any CPU = Release|Any CPU
	EndGlobalSection
	GlobalSection(ProjectConfigurationPlatforms) = postSolution
		{47AC8C2F-C5D1-46CA-9852-7C2FA59B60EA}.Debug|Any CPU.ActiveCfg = Debug|Any CPU
		{47AC8C2F-C5D1-46CA-9852-7C2FA59B60EA}.Debug|Any CPU.Build.0 = Debug|Any CPU
		{47AC8C2F-C5D1-46CA-9852-7C2FA59B60EA}.Release|Any CPU.ActiveCfg = Release|Any CPU
		{47AC8C2F-C5D1-46CA-9852-7C2FA59B60EA}.Release|Any CPU.Build.0 = Release|Any CPU
	EndGlobalSection
EndGlobal
